
Microsoft Visual Studio Solution File, Format Version 12.00
# Visual Studio 15
VisualStudioVersion = 15.0.28010.2036
MinimumVisualStudioVersion = 10.0.40219.1
Project("{FAE04EC0-301F-11D3-BF4B-00C04F79EFBC}") = "MyFirstEfCoreApp", "MyFirstEfCoreApp\MyFirstEfCoreApp.csproj", "{7586F4D3-9007-43BE-8B50-86B0F6040788}"
EndProject
Global
	GlobalSection(SolutionConfigurationPlatforms) = preSolution
		Debug|Any CPU = Debug|Any CPU
		Release|Any CPU = Release|Any CPU
	EndGlobalSection
	GlobalSection(ProjectConfigurationPlatforms) = postSolution
		{7586F4D3-9007-43BE-8B50-86B0F6040788}.Debug|Any CPU.ActiveCfg = Debug|Any CPU
		{7586F4D3-9007-43BE-8B50-86B0F6040788}.Debug|Any CPU.Build.0 = Debug|Any CPU
		{7586F4D3-9007-43BE-8B50-86B0F6040788}.Release|Any CPU.ActiveCfg = Release|Any CPU
		{7586F4D3-9007-43BE-8B50-86B0F6040788}.Release|Any CPU.Build.0 = Release|Any CPU
	EndGlobalSection
	GlobalSection(SolutionProperties) = preSolution
		HideSolutionNode = FALSE
	EndGlobalSection
	GlobalSection(ExtensibilityGlobals) = postSolution
		SolutionGuid = {E2B51555-0E06-4C7D-9CF7-B257A1F76683}
	EndGlobalSection
EndGlobal
